
Microsoft Visual Studio Solution File, Format Version 12.00
# Visual Studio Version 16
VisualStudioVersion = 16.0.31410.357
MinimumVisualStudioVersion = 10.0.40219.1
Project("{FAE04EC0-301F-11D3-BF4B-00C04F79EFBC}") = "SelectionStatements", "SelectionStatements\SelectionStatements.csproj", "{9DF90880-5DC4-4D92-A4BB-E160189DCA11}"
EndProject
Global
	GlobalSection(SolutionConfigurationPlatforms) = preSolution
		Debug|Any CPU = Debug|Any CPU
		Release|Any CPU = Release|Any CPU
	EndGlobalSection
	GlobalSection(ProjectConfigurationPlatforms) = postSolution
		{9DF90880-5DC4-4D92-A4BB-E160189DCA11}.Debug|Any CPU.ActiveCfg = Debug|Any CPU
		{9DF90880-5DC4-4D92-A4BB-E160189DCA11}.Debug|Any CPU.Build.0 = Debug|Any CPU
		{9DF90880-5DC4-4D92-A4BB-E160189DCA11}.Release|Any CPU.ActiveCfg = Release|Any CPU
		{9DF90880-5DC4-4D92-A4BB-E160189DCA11}.Release|Any CPU.Build.0 = Release|Any CPU
	EndGlobalSection
	GlobalSection(SolutionProperties) = preSolution
		HideSolutionNode = FALSE
	EndGlobalSection
	GlobalSection(ExtensibilityGlobals) = postSolution
		SolutionGuid = {F142D329-AE3E-4F70-B8C3-A6A99B3F0807}
	EndGlobalSection
EndGlobal
